<?xml version="1.0" encoding="utf-8"?>
<Project ToolsVersion="4.0" xmlns="http://schemas.microsoft.com/developer/msbuild/2003">
  <ItemGroup>
    <Filter Include="ARC">
      <UniqueIdentifier>{3BD2870B-A7DB-877C-3057-9E7C9C5F937C}</UniqueIdentifier>
    </Filter>
    <Filter Include="ARC\Events">
      <UniqueIdentifier>{BF4DE92C-AB05-2B7A-140D-04D600E4C56A}</UniqueIdentifier>
    </Filter>
  </ItemGroup>
  <ItemGroup>
    <ClInclude Include="src\ARC.h" />
    <ClInclude Include="src\ARC\Application.h">
      <Filter>ARC</Filter>
    </ClInclude>
    <ClInclude Include="src\ARC\Core.h">
      <Filter>ARC</Filter>
    </ClInclude>
    <ClInclude Include="src\ARC\EntryPoint.h">
      <Filter>ARC</Filter>
    </ClInclude>
    <ClInclude Include="src\ARC\Events\ApplicationEvent.h">
      <Filter>ARC\Events</Filter>
    </ClInclude>
    <ClInclude Include="src\ARC\Events\Event.h">
      <Filter>ARC\Events</Filter>
    </ClInclude>
    <ClInclude Include="src\ARC\Events\KeyEvent.h">
      <Filter>ARC\Events</Filter>
    </ClInclude>
    <ClInclude Include="src\ARC\Events\MouseEvent.h">
      <Filter>ARC\Events</Filter>
    </ClInclude>
    <ClInclude Include="src\ARC\Log.h">
      <Filter>ARC</Filter>
    </ClInclude>
    <ClInclude Include="src\arcpch.h" />
  </ItemGroup>
  <ItemGroup>
    <ClCompile Include="src\ARC\Application.cpp">
      <Filter>ARC</Filter>
    </ClCompile>
    <ClCompile Include="src\ARC\Log.cpp">
      <Filter>ARC</Filter>
    </ClCompile>
    <ClCompile Include="src\arcpch.cpp" />
  </ItemGroup>
</Project>