<?xml version="1.0" encoding="utf-8"?>
<Project ToolsVersion="4.0" xmlns="http://schemas.microsoft.com/developer/msbuild/2003">
  <ItemGroup>
    <Filter Include="ARC">
      <UniqueIdentifier>{3BD2870B-A7DB-877C-3057-9E7C9C5F937C}</UniqueIdentifier>
    </Filter>
    <Filter Include="ARC\Events">
      <UniqueIdentifier>{BF4DE92C-AB05-2B7A-140D-04D600E4C56A}</UniqueIdentifier>
    </Filter>
    <Filter Include="ARC\ImGui">
      <UniqueIdentifier>{A5C751CB-1132-0642-5A70-B7E7C619E496}</UniqueIdentifier>
    </Filter>
    <Filter Include="Platform">
      <UniqueIdentifier>{2AC788B4-1694-E3BF-3FAD-D1672BD9184E}</UniqueIdentifier>
    </Filter>
    <Filter Include="Platform\OpenGL">
      <UniqueIdentifier>{1E7D2C1D-8A08-9AE1-9319-1DD6FF23F6E1}</UniqueIdentifier>
    </Filter>
    <Filter Include="Platform\Windows">
      <UniqueIdentifier>{64FBD71A-50F4-F66C-7926-DCF1657ED678}</UniqueIdentifier>
    </Filter>
  </ItemGroup>
  <ItemGroup>
    <ClInclude Include="src\ARC.h" />
    <ClInclude Include="src\ARC\Application.h">
      <Filter>ARC</Filter>
    </ClInclude>
    <ClInclude Include="src\ARC\Core.h">
      <Filter>ARC</Filter>
    </ClInclude>
    <ClInclude Include="src\ARC\EntryPoint.h">
      <Filter>ARC</Filter>
    </ClInclude>
    <ClInclude Include="src\ARC\Events\ApplicationEvent.h">
      <Filter>ARC\Events</Filter>
    </ClInclude>
    <ClInclude Include="src\ARC\Events\Event.h">
      <Filter>ARC\Events</Filter>
    </ClInclude>
    <ClInclude Include="src\ARC\Events\KeyEvent.h">
      <Filter>ARC\Events</Filter>
    </ClInclude>
    <ClInclude Include="src\ARC\Events\MouseEvent.h">
      <Filter>ARC\Events</Filter>
    </ClInclude>
    <ClInclude Include="src\ARC\ImGui\ImGuiLayer.h">
      <Filter>ARC\ImGui</Filter>
    </ClInclude>
    <ClInclude Include="src\ARC\Input.h">
      <Filter>ARC</Filter>
    </ClInclude>
    <ClInclude Include="src\ARC\KeyCodes.h">
      <Filter>ARC</Filter>
    </ClInclude>
    <ClInclude Include="src\ARC\Layer.h">
      <Filter>ARC</Filter>
    </ClInclude>
    <ClInclude Include="src\ARC\LayerStack.h">
      <Filter>ARC</Filter>
    </ClInclude>
    <ClInclude Include="src\ARC\Log.h">
      <Filter>ARC</Filter>
    </ClInclude>
    <ClInclude Include="src\ARC\MouseButtonCodes.h">
      <Filter>ARC</Filter>
    </ClInclude>
    <ClInclude Include="src\ARC\Window.h">
      <Filter>ARC</Filter>
    </ClInclude>
    <ClInclude Include="src\Platform\Windows\WindowsInput.h">
      <Filter>Platform\Windows</Filter>
    </ClInclude>
    <ClInclude Include="src\Platform\Windows\WindowsWindow.h">
      <Filter>Platform\Windows</Filter>
    </ClInclude>
    <ClInclude Include="src\arcpch.h" />
  </ItemGroup>
  <ItemGroup>
    <ClCompile Include="src\ARC\Application.cpp">
      <Filter>ARC</Filter>
    </ClCompile>
    <ClCompile Include="src\ARC\ImGui\ImGuiLayer.cpp">
      <Filter>ARC\ImGui</Filter>
    </ClCompile>
    <ClCompile Include="src\ARC\Layer.cpp">
      <Filter>ARC</Filter>
    </ClCompile>
    <ClCompile Include="src\ARC\LayerStack.cpp">
      <Filter>ARC</Filter>
    </ClCompile>
    <ClCompile Include="src\ARC\Log.cpp">
      <Filter>ARC</Filter>
    </ClCompile>
    <ClCompile Include="src\Platform\Windows\WindowsInput.cpp">
      <Filter>Platform\Windows</Filter>
    </ClCompile>
    <ClCompile Include="src\Platform\Windows\WindowsWindow.cpp">
      <Filter>Platform\Windows</Filter>
    </ClCompile>
    <ClCompile Include="src\arcpch.cpp" />
    <ClCompile Include="src\ARC\ImGui\ImGuiBuild.cpp" />
  </ItemGroup>
</Project>