
Microsoft Visual Studio Solution File, Format Version 12.00
# Visual Studio Version 16
VisualStudioVersion = 16.0.31729.503
MinimumVisualStudioVersion = 10.0.40219.1
Project("{8BC9CEB8-8B4A-11D0-8D11-00A0C91BC942}") = "Sandbox", "Sandbox\Sandbox.vcxproj", "{198D0B50-DAE6-4EC9-BCE0-45D6FB190B13}"
EndProject
Project("{8BC9CEB8-8B4A-11D0-8D11-00A0C91BC942}") = "ARC_engine", "ARC_engine\ARC_engine.vcxproj", "{F2608D4B-F4D4-49C9-8CA1-439B84480644}"
EndProject
Global
	GlobalSection(SolutionConfigurationPlatforms) = preSolution
		Debug|x64 = Debug|x64
		Release|x64 = Release|x64
	EndGlobalSection
	GlobalSection(ProjectConfigurationPlatforms) = postSolution
		{F2608D4B-F4D4-49C9-8CA1-439B84480644}.Debug|x64.ActiveCfg = Debug|x64
		{F2608D4B-F4D4-49C9-8CA1-439B84480644}.Debug|x64.Build.0 = Debug|x64
		{F2608D4B-F4D4-49C9-8CA1-439B84480644}.Release|x64.ActiveCfg = Release|x64
		{F2608D4B-F4D4-49C9-8CA1-439B84480644}.Release|x64.Build.0 = Release|x64
		{198D0B50-DAE6-4EC9-BCE0-45D6FB190B13}.Debug|x64.ActiveCfg = Debug|x64
		{198D0B50-DAE6-4EC9-BCE0-45D6FB190B13}.Debug|x64.Build.0 = Debug|x64
		{198D0B50-DAE6-4EC9-BCE0-45D6FB190B13}.Release|x64.ActiveCfg = Release|x64
		{198D0B50-DAE6-4EC9-BCE0-45D6FB190B13}.Release|x64.Build.0 = Release|x64
	EndGlobalSection
	GlobalSection(SolutionProperties) = preSolution
		HideSolutionNode = FALSE
	EndGlobalSection
	GlobalSection(ExtensibilityGlobals) = postSolution
		SolutionGuid = {16ACFFA0-287A-46FF-902C-A17CC4227B7C}
	EndGlobalSection
EndGlobal
